PODS:
  - Orca-iOS (0.1.0)

DEPENDENCIES:
  - Orca-iOS (from `https://raw.githubusercontent.com/Picovoice/orca/v0.1-ios/binding/ios/Orca-iOS.podspec`)

EXTERNAL SOURCES:
  Orca-iOS:
    :podspec: https://raw.githubusercontent.com/Picovoice/orca/v0.1-ios/binding/ios/Orca-iOS.podspec
    :tag: Orca-iOS-v0.1.0

SPEC CHECKSUMS:
  Orca-iOS: 781788634f1ae402071197fe0d65b3e6d6777138

PODFILE CHECKSUM: 6b93fb169cd7c193ceecadf5e3aa6082536322d0

COCOAPODS: 1.11.3
