PODS:
  - Orca-iOS (0.2.0)

DEPENDENCIES:
  - Orca-iOS (from `https://raw.githubusercontent.com/Picovoice/orca/ios-v0.2-update/binding/ios/Orca-iOS.podspec`)

EXTERNAL SOURCES:
  Orca-iOS:
    :podspec: https://raw.githubusercontent.com/Picovoice/orca/ios-v0.2-update/binding/ios/Orca-iOS.podspec

CHECKOUT OPTIONS:
  Orca-iOS:
    :commit: 4189801fc019bd1bdaa266fdcc1093089d29b860
    :git: https://github.com/Picovoice/orca.git

SPEC CHECKSUMS:
  Orca-iOS: a7d8273a1cec96462335db1a80dc5e25cd9fc259

PODFILE CHECKSUM: 3fb5f76a81a715210898749ee8554fe43d250ecf

COCOAPODS: 1.15.2
