PODS:
  - Orca-iOS (0.1.0)

DEPENDENCIES:
  - Orca-iOS (from `https://raw.githubusercontent.com/Picovoice/orca/v0.1-ios/binding/ios/Orca-iOS.podspec`)

EXTERNAL SOURCES:
  Orca-iOS:
    :podspec: https://raw.githubusercontent.com/Picovoice/orca/v0.1-ios/binding/ios/Orca-iOS.podspec
    :tag: Orca-iOS-v0.1.0

SPEC CHECKSUMS:
  Orca-iOS: 808b4c77678454905ea0a0c1408eff8f9255e3ac

PODFILE CHECKSUM: 6b93fb169cd7c193ceecadf5e3aa6082536322d0

COCOAPODS: 1.11.3
