// !$*UTF8*$!
{
	archiveVersion = 1;
	classes = {
	};
	objectVersion = 55;
	objects = {

/* Begin PBXBuildFile section */
		1E00644C27CEDF9B006FF6E9 /* AppDelegate.swift in Sources */ = {isa = PBXBuildFile; fileRef = 1E00644B27CEDF9B006FF6E9 /* AppDelegate.swift */; };
		1E00645027CEDF9B006FF6E9 /* ViewController.swift in Sources */ = {isa = PBXBuildFile; fileRef = 1E00644F27CEDF9B006FF6E9 /* ViewController.swift */; };
		1E00645327CEDF9B006FF6E9 /* Main.storyboard in Resources */ = {isa = PBXBuildFile; fileRef = 1E00645127CEDF9B006FF6E9 /* Main.storyboard */; };
		1E00645527CEDF9C006FF6E9 /* Assets.xcassets in Resources */ = {isa = PBXBuildFile; fileRef = 1E00645427CEDF9C006FF6E9 /* Assets.xcassets */; };
		1E00645827CEDF9C006FF6E9 /* LaunchScreen.storyboard in Resources */ = {isa = PBXBuildFile; fileRef = 1E00645627CEDF9C006FF6E9 /* LaunchScreen.storyboard */; };
		1E00646D27CEDF9C006FF6E9 /* OrcaAppTestUITests.swift in Sources */ = {isa = PBXBuildFile; fileRef = 1E00646C27CEDF9C006FF6E9 /* OrcaAppTestUITests.swift */; };
		1E5B7AEE2800B2CF00F8BDDB /* PerformanceTest.swift in Sources */ = {isa = PBXBuildFile; fileRef = 1E5B7AED2800B2CF00F8BDDB /* PerformanceTest.swift */; };
		1EAEDDE02B745E6A003B8C18 /* BaseTest.swift in Sources */ = {isa = PBXBuildFile; fileRef = 1EAEDDDF2B745E6A003B8C18 /* BaseTest.swift */; };
		1EAEDDE12B745E6A003B8C18 /* BaseTest.swift in Sources */ = {isa = PBXBuildFile; fileRef = 1EAEDDDF2B745E6A003B8C18 /* BaseTest.swift */; };
		1EAEDDE32B76A9DB003B8C18 /* test_resources in Resources */ = {isa = PBXBuildFile; fileRef = 1EAEDDE22B76A9DB003B8C18 /* test_resources */; };
		1EAEDDE42B76A9DB003B8C18 /* test_resources in Resources */ = {isa = PBXBuildFile; fileRef = 1EAEDDE22B76A9DB003B8C18 /* test_resources */; };
		6A9164E4B0B1626D27DBA0A1 /* BuildFile in Frameworks */ = {isa = PBXBuildFile; };
		93EE17EB402BDB0DB994044D /* libPods-OrcaAppTest.a in Frameworks */ = {isa = PBXBuildFile; fileRef = 9FA08FA7DBEE610C673D56A0 /* libPods-OrcaAppTest.a */; };
		A25358E6F9DA14ECE5478DB8 /* libPods-PerformanceTest.a in Frameworks */ = {isa = PBXBuildFile; fileRef = B614632469EF3CFC09346284 /* libPods-PerformanceTest.a */; };
		C89D319BC6E1ABE241EA252B /* libPods-OrcaAppTestUITests.a in Frameworks */ = {isa = PBXBuildFile; fileRef = 5DDD8D1E4618504378019A0F /* libPods-OrcaAppTestUITests.a */; };
/* End PBXBuildFile section */

/* Begin PBXContainerItemProxy section */
		1E00646927CEDF9C006FF6E9 /* PBXContainerItemProxy */ = {
			isa = PBXContainerItemProxy;
			containerPortal = 1E00644027CEDF9B006FF6E9 /* Project object */;
			proxyType = 1;
			remoteGlobalIDString = 1E00644727CEDF9B006FF6E9;
			remoteInfo = OrcaAppTest;
		};
		1E5B7AE02800B29F00F8BDDB /* PBXContainerItemProxy */ = {
			isa = PBXContainerItemProxy;
			containerPortal = 1E00644027CEDF9B006FF6E9 /* Project object */;
			proxyType = 1;
			remoteGlobalIDString = 1E00644727CEDF9B006FF6E9;
			remoteInfo = OrcaAppTest;
		};
/* End PBXContainerItemProxy section */

/* Begin PBXFileReference section */
		1A78CAC08B92226A844CBD40 /* Pods-OrcaAppTest.debug.xcconfig */ = {isa = PBXFileReference; includeInIndex = 1; lastKnownFileType = text.xcconfig; name = "Pods-OrcaAppTest.debug.xcconfig"; path = "Target Support Files/Pods-OrcaAppTest/Pods-OrcaAppTest.debug.xcconfig"; sourceTree = "<group>"; };
		1E00644827CEDF9B006FF6E9 /* OrcaAppTest.app */ = {isa = PBXFileReference; explicitFileType = wrapper.application; includeInIndex = 0; path = OrcaAppTest.app; sourceTree = BUILT_PRODUCTS_DIR; };
		1E00644B27CEDF9B006FF6E9 /* AppDelegate.swift */ = {isa = PBXFileReference; lastKnownFileType = sourcecode.swift; path = AppDelegate.swift; sourceTree = "<group>"; };
		1E00644F27CEDF9B006FF6E9 /* ViewController.swift */ = {isa = PBXFileReference; lastKnownFileType = sourcecode.swift; path = ViewController.swift; sourceTree = "<group>"; };
		1E00645227CEDF9B006FF6E9 /* Base */ = {isa = PBXFileReference; lastKnownFileType = file.storyboard; name = Base; path = Base.lproj/Main.storyboard; sourceTree = "<group>"; };
		1E00645427CEDF9C006FF6E9 /* Assets.xcassets */ = {isa = PBXFileReference; lastKnownFileType = folder.assetcatalog; path = Assets.xcassets; sourceTree = "<group>"; };
		1E00645727CEDF9C006FF6E9 /* Base */ = {isa = PBXFileReference; lastKnownFileType = file.storyboard; name = Base; path = Base.lproj/LaunchScreen.storyboard; sourceTree = "<group>"; };
		1E00645927CEDF9C006FF6E9 /* Info.plist */ = {isa = PBXFileReference; lastKnownFileType = text.plist.xml; path = Info.plist; sourceTree = "<group>"; };
		1E00646827CEDF9C006FF6E9 /* OrcaAppTestUITests.xctest */ = {isa = PBXFileReference; explicitFileType = wrapper.cfbundle; includeInIndex = 0; path = OrcaAppTestUITests.xctest; sourceTree = BUILT_PRODUCTS_DIR; };
		1E00646C27CEDF9C006FF6E9 /* OrcaAppTestUITests.swift */ = {isa = PBXFileReference; lastKnownFileType = sourcecode.swift; path = OrcaAppTestUITests.swift; sourceTree = "<group>"; };
		1E00647B27CEE128006FF6E9 /* Info.plist */ = {isa = PBXFileReference; lastKnownFileType = text.plist.xml; path = Info.plist; sourceTree = "<group>"; };
		1E5B7AEC2800B29F00F8BDDB /* PerformanceTest.xctest */ = {isa = PBXFileReference; explicitFileType = wrapper.cfbundle; includeInIndex = 0; path = PerformanceTest.xctest; sourceTree = BUILT_PRODUCTS_DIR; };
		1E5B7AED2800B2CF00F8BDDB /* PerformanceTest.swift */ = {isa = PBXFileReference; lastKnownFileType = sourcecode.swift; path = PerformanceTest.swift; sourceTree = "<group>"; };
		1E5B7AEF2800B2E300F8BDDB /* Info.plist */ = {isa = PBXFileReference; lastKnownFileType = text.plist.xml; path = Info.plist; sourceTree = "<group>"; };
		1EAEDDDF2B745E6A003B8C18 /* BaseTest.swift */ = {isa = PBXFileReference; lastKnownFileType = sourcecode.swift; path = BaseTest.swift; sourceTree = "<group>"; };
		1EAEDDE22B76A9DB003B8C18 /* test_resources */ = {isa = PBXFileReference; lastKnownFileType = folder; path = test_resources; sourceTree = "<group>"; };
		5DDD8D1E4618504378019A0F /* libPods-OrcaAppTestUITests.a */ = {isa = PBXFileReference; explicitFileType = archive.ar; includeInIndex = 0; path = "libPods-OrcaAppTestUITests.a"; sourceTree = BUILT_PRODUCTS_DIR; };
		60C90FEC53EA25EB662F1B6C /* Pods-PerformanceTest.debug.xcconfig */ = {isa = PBXFileReference; includeInIndex = 1; lastKnownFileType = text.xcconfig; name = "Pods-PerformanceTest.debug.xcconfig"; path = "Target Support Files/Pods-PerformanceTest/Pods-PerformanceTest.debug.xcconfig"; sourceTree = "<group>"; };
		7074590B897DE4BC089A7BF6 /* Pods-OrcaAppTest.release.xcconfig */ = {isa = PBXFileReference; includeInIndex = 1; lastKnownFileType = text.xcconfig; name = "Pods-OrcaAppTest.release.xcconfig"; path = "Target Support Files/Pods-OrcaAppTest/Pods-OrcaAppTest.release.xcconfig"; sourceTree = "<group>"; };
		767EE8354F93AF263A7F09B7 /* Pods-OrcaAppTestUITests.release.xcconfig */ = {isa = PBXFileReference; includeInIndex = 1; lastKnownFileType = text.xcconfig; name = "Pods-OrcaAppTestUITests.release.xcconfig"; path = "Target Support Files/Pods-OrcaAppTestUITests/Pods-OrcaAppTestUITests.release.xcconfig"; sourceTree = "<group>"; };
		9FA08FA7DBEE610C673D56A0 /* libPods-OrcaAppTest.a */ = {isa = PBXFileReference; explicitFileType = archive.ar; includeInIndex = 0; path = "libPods-OrcaAppTest.a"; sourceTree = BUILT_PRODUCTS_DIR; };
		B614632469EF3CFC09346284 /* libPods-PerformanceTest.a */ = {isa = PBXFileReference; explicitFileType = archive.ar; includeInIndex = 0; path = "libPods-PerformanceTest.a"; sourceTree = BUILT_PRODUCTS_DIR; };
		E8BF559E8541A5B21BC3DF80 /* Pods-PerformanceTest.release.xcconfig */ = {isa = PBXFileReference; includeInIndex = 1; lastKnownFileType = text.xcconfig; name = "Pods-PerformanceTest.release.xcconfig"; path = "Target Support Files/Pods-PerformanceTest/Pods-PerformanceTest.release.xcconfig"; sourceTree = "<group>"; };
		F523C0A59B9057D2117FC4EC /* Pods-OrcaAppTestUITests.debug.xcconfig */ = {isa = PBXFileReference; includeInIndex = 1; lastKnownFileType = text.xcconfig; name = "Pods-OrcaAppTestUITests.debug.xcconfig"; path = "Target Support Files/Pods-OrcaAppTestUITests/Pods-OrcaAppTestUITests.debug.xcconfig"; sourceTree = "<group>"; };
/* End PBXFileReference section */

/* Begin PBXFrameworksBuildPhase section */
		1E00644527CEDF9B006FF6E9 /* Frameworks */ = {
			isa = PBXFrameworksBuildPhase;
			buildActionMask = 2147483647;
			files = (
				93EE17EB402BDB0DB994044D /* libPods-OrcaAppTest.a in Frameworks */,
			);
			runOnlyForDeploymentPostprocessing = 0;
		};
		1E00646527CEDF9C006FF6E9 /* Frameworks */ = {
			isa = PBXFrameworksBuildPhase;
			buildActionMask = 2147483647;
			files = (
				6A9164E4B0B1626D27DBA0A1 /* BuildFile in Frameworks */,
				C89D319BC6E1ABE241EA252B /* libPods-OrcaAppTestUITests.a in Frameworks */,
			);
			runOnlyForDeploymentPostprocessing = 0;
		};
		1E5B7AE42800B29F00F8BDDB /* Frameworks */ = {
			isa = PBXFrameworksBuildPhase;
			buildActionMask = 2147483647;
			files = (
				A25358E6F9DA14ECE5478DB8 /* libPods-PerformanceTest.a in Frameworks */,
			);
			runOnlyForDeploymentPostprocessing = 0;
		};
/* End PBXFrameworksBuildPhase section */

/* Begin PBXGroup section */
		1E00643F27CEDF9B006FF6E9 = {
			isa = PBXGroup;
			children = (
				1EAEDDE22B76A9DB003B8C18 /* test_resources */,
				1E5B7ADD2800B28C00F8BDDB /* PerformanceTest */,
				1E00644A27CEDF9B006FF6E9 /* OrcaAppTest */,
				1E00646B27CEDF9C006FF6E9 /* OrcaAppTestUITests */,
				1E00644927CEDF9B006FF6E9 /* Products */,
				FA7D97C92E04F06D3273CCF3 /* Pods */,
				BFE43404280241A83ACCBA1F /* Frameworks */,
			);
			sourceTree = "<group>";
		};
		1E00644927CEDF9B006FF6E9 /* Products */ = {
			isa = PBXGroup;
			children = (
				1E00644827CEDF9B006FF6E9 /* OrcaAppTest.app */,
				1E00646827CEDF9C006FF6E9 /* OrcaAppTestUITests.xctest */,
				1E5B7AEC2800B29F00F8BDDB /* PerformanceTest.xctest */,
			);
			name = Products;
			sourceTree = "<group>";
		};
		1E00644A27CEDF9B006FF6E9 /* OrcaAppTest */ = {
			isa = PBXGroup;
			children = (
				1E00644B27CEDF9B006FF6E9 /* AppDelegate.swift */,
				1E00644F27CEDF9B006FF6E9 /* ViewController.swift */,
				1E00645127CEDF9B006FF6E9 /* Main.storyboard */,
				1E00645427CEDF9C006FF6E9 /* Assets.xcassets */,
				1E00645627CEDF9C006FF6E9 /* LaunchScreen.storyboard */,
				1E00645927CEDF9C006FF6E9 /* Info.plist */,
			);
			path = OrcaAppTest;
			sourceTree = "<group>";
		};
		1E00646B27CEDF9C006FF6E9 /* OrcaAppTestUITests */ = {
			isa = PBXGroup;
			children = (
				1E00647B27CEE128006FF6E9 /* Info.plist */,
				1E00646C27CEDF9C006FF6E9 /* OrcaAppTestUITests.swift */,
				1EAEDDDF2B745E6A003B8C18 /* BaseTest.swift */,
			);
			path = OrcaAppTestUITests;
			sourceTree = "<group>";
		};
		1E5B7ADD2800B28C00F8BDDB /* PerformanceTest */ = {
			isa = PBXGroup;
			children = (
				1E5B7AED2800B2CF00F8BDDB /* PerformanceTest.swift */,
				1E5B7AEF2800B2E300F8BDDB /* Info.plist */,
			);
			path = PerformanceTest;
			sourceTree = "<group>";
		};
		BFE43404280241A83ACCBA1F /* Frameworks */ = {
			isa = PBXGroup;
			children = (
				9FA08FA7DBEE610C673D56A0 /* libPods-OrcaAppTest.a */,
				5DDD8D1E4618504378019A0F /* libPods-OrcaAppTestUITests.a */,
				B614632469EF3CFC09346284 /* libPods-PerformanceTest.a */,
			);
			name = Frameworks;
			sourceTree = "<group>";
		};
		FA7D97C92E04F06D3273CCF3 /* Pods */ = {
			isa = PBXGroup;
			children = (
				1A78CAC08B92226A844CBD40 /* Pods-OrcaAppTest.debug.xcconfig */,
				7074590B897DE4BC089A7BF6 /* Pods-OrcaAppTest.release.xcconfig */,
				F523C0A59B9057D2117FC4EC /* Pods-OrcaAppTestUITests.debug.xcconfig */,
				767EE8354F93AF263A7F09B7 /* Pods-OrcaAppTestUITests.release.xcconfig */,
				60C90FEC53EA25EB662F1B6C /* Pods-PerformanceTest.debug.xcconfig */,
				E8BF559E8541A5B21BC3DF80 /* Pods-PerformanceTest.release.xcconfig */,
			);
			path = Pods;
			sourceTree = "<group>";
		};
/* End PBXGroup section */

/* Begin PBXNativeTarget section */
		1E00644727CEDF9B006FF6E9 /* OrcaAppTest */ = {
			isa = PBXNativeTarget;
			buildConfigurationList = 1E00647227CEDF9C006FF6E9 /* Build configuration list for PBXNativeTarget "OrcaAppTest" */;
			buildPhases = (
				9E03359827AA761EED9B82A1 /* [CP] Check Pods Manifest.lock */,
				1E00644427CEDF9B006FF6E9 /* Sources */,
				1E00644527CEDF9B006FF6E9 /* Frameworks */,
				1E00644627CEDF9B006FF6E9 /* Resources */,
				0CF6A58B8BD11F39C6F8559E /* [CP] Embed Pods Frameworks */,
			);
			buildRules = (
			);
			dependencies = (
			);
			name = OrcaAppTest;
			productName = OrcaAppTest;
			productReference = 1E00644827CEDF9B006FF6E9 /* OrcaAppTest.app */;
			productType = "com.apple.product-type.application";
		};
		1E00646727CEDF9C006FF6E9 /* OrcaAppTestUITests */ = {
			isa = PBXNativeTarget;
			buildConfigurationList = 1E00647827CEDF9C006FF6E9 /* Build configuration list for PBXNativeTarget "OrcaAppTestUITests" */;
			buildPhases = (
				5AD9D4540F2941DD499330FD /* [CP] Check Pods Manifest.lock */,
				1E00646427CEDF9C006FF6E9 /* Sources */,
				1E00646527CEDF9C006FF6E9 /* Frameworks */,
				1E00646627CEDF9C006FF6E9 /* Resources */,
				4A1E6910D5AB8CA10F6B8A39 /* [CP] Embed Pods Frameworks */,
			);
			buildRules = (
			);
			dependencies = (
				1E00646A27CEDF9C006FF6E9 /* PBXTargetDependency */,
			);
			name = OrcaAppTestUITests;
			productName = OrcaAppTestUITests;
			productReference = 1E00646827CEDF9C006FF6E9 /* OrcaAppTestUITests.xctest */;
			productType = "com.apple.product-type.bundle.ui-testing";
		};
		1E5B7ADE2800B29F00F8BDDB /* PerformanceTest */ = {
			isa = PBXNativeTarget;
			buildConfigurationList = 1E5B7AE92800B29F00F8BDDB /* Build configuration list for PBXNativeTarget "PerformanceTest" */;
			buildPhases = (
				CFAB0154B3CFA7FA64A5CDC4 /* [CP] Check Pods Manifest.lock */,
				1E5B7AE22800B29F00F8BDDB /* Sources */,
				1E5B7AE42800B29F00F8BDDB /* Frameworks */,
				1E5B7AE62800B29F00F8BDDB /* Resources */,
				E512F99180F0A3858B88E037 /* [CP] Embed Pods Frameworks */,
			);
			buildRules = (
			);
			dependencies = (
				1E5B7ADF2800B29F00F8BDDB /* PBXTargetDependency */,
			);
			name = PerformanceTest;
			productName = OrcaAppTestUITests;
			productReference = 1E5B7AEC2800B29F00F8BDDB /* PerformanceTest.xctest */;
			productType = "com.apple.product-type.bundle.ui-testing";
		};
/* End PBXNativeTarget section */

/* Begin PBXProject section */
		1E00644027CEDF9B006FF6E9 /* Project object */ = {
			isa = PBXProject;
			attributes = {
				BuildIndependentTargetsInParallel = 1;
				LastSwiftUpdateCheck = 1320;
				LastUpgradeCheck = 1320;
				TargetAttributes = {
					1E00644727CEDF9B006FF6E9 = {
						CreatedOnToolsVersion = 13.2.1;
					};
					1E00646727CEDF9C006FF6E9 = {
						CreatedOnToolsVersion = 13.2.1;
						TestTargetID = 1E00644727CEDF9B006FF6E9;
					};
					1E5B7ADE2800B29F00F8BDDB = {
						LastSwiftMigration = 1320;
						TestTargetID = 1E00644727CEDF9B006FF6E9;
					};
				};
			};
			buildConfigurationList = 1E00644327CEDF9B006FF6E9 /* Build configuration list for PBXProject "OrcaAppTest" */;
			compatibilityVersion = "Xcode 13.0";
			developmentRegion = en;
			hasScannedForEncodings = 0;
			knownRegions = (
				en,
				Base,
			);
			mainGroup = 1E00643F27CEDF9B006FF6E9;
			productRefGroup = 1E00644927CEDF9B006FF6E9 /* Products */;
			projectDirPath = "";
			projectRoot = "";
			targets = (
				1E00644727CEDF9B006FF6E9 /* OrcaAppTest */,
				1E00646727CEDF9C006FF6E9 /* OrcaAppTestUITests */,
				1E5B7ADE2800B29F00F8BDDB /* PerformanceTest */,
			);
		};
/* End PBXProject section */

/* Begin PBXResourcesBuildPhase section */
		1E00644627CEDF9B006FF6E9 /* Resources */ = {
			isa = PBXResourcesBuildPhase;
			buildActionMask = 2147483647;
			files = (
				1E00645827CEDF9C006FF6E9 /* LaunchScreen.storyboard in Resources */,
				1E00645527CEDF9C006FF6E9 /* Assets.xcassets in Resources */,
				1E00645327CEDF9B006FF6E9 /* Main.storyboard in Resources */,
			);
			runOnlyForDeploymentPostprocessing = 0;
		};
		1E00646627CEDF9C006FF6E9 /* Resources */ = {
			isa = PBXResourcesBuildPhase;
			buildActionMask = 2147483647;
			files = (
				1EAEDDE32B76A9DB003B8C18 /* test_resources in Resources */,
			);
			runOnlyForDeploymentPostprocessing = 0;
		};
		1E5B7AE62800B29F00F8BDDB /* Resources */ = {
			isa = PBXResourcesBuildPhase;
			buildActionMask = 2147483647;
			files = (
				1EAEDDE42B76A9DB003B8C18 /* test_resources in Resources */,
			);
			runOnlyForDeploymentPostprocessing = 0;
		};
/* End PBXResourcesBuildPhase section */

/* Begin PBXShellScriptBuildPhase section */
		0CF6A58B8BD11F39C6F8559E /* [CP] Embed Pods Frameworks */ = {
			isa = PBXShellScriptBuildPhase;
			buildActionMask = 2147483647;
			files = (
			);
			inputFileListPaths = (
				"${PODS_ROOT}/Target Support Files/Pods-OrcaAppTest/Pods-OrcaAppTest-frameworks-${CONFIGURATION}-input-files.xcfilelist",
			);
			name = "[CP] Embed Pods Frameworks";
			outputFileListPaths = (
				"${PODS_ROOT}/Target Support Files/Pods-OrcaAppTest/Pods-OrcaAppTest-frameworks-${CONFIGURATION}-output-files.xcfilelist",
			);
			runOnlyForDeploymentPostprocessing = 0;
			shellPath = /bin/sh;
			shellScript = "\"${PODS_ROOT}/Target Support Files/Pods-OrcaAppTest/Pods-OrcaAppTest-frameworks.sh\"\n";
			showEnvVarsInLog = 0;
		};
		4A1E6910D5AB8CA10F6B8A39 /* [CP] Embed Pods Frameworks */ = {
			isa = PBXShellScriptBuildPhase;
			buildActionMask = 2147483647;
			files = (
			);
			inputFileListPaths = (
				"${PODS_ROOT}/Target Support Files/Pods-OrcaAppTestUITests/Pods-OrcaAppTestUITests-frameworks-${CONFIGURATION}-input-files.xcfilelist",
			);
			name = "[CP] Embed Pods Frameworks";
			outputFileListPaths = (
				"${PODS_ROOT}/Target Support Files/Pods-OrcaAppTestUITests/Pods-OrcaAppTestUITests-frameworks-${CONFIGURATION}-output-files.xcfilelist",
			);
			runOnlyForDeploymentPostprocessing = 0;
			shellPath = /bin/sh;
			shellScript = "\"${PODS_ROOT}/Target Support Files/Pods-OrcaAppTestUITests/Pods-OrcaAppTestUITests-frameworks.sh\"\n";
			showEnvVarsInLog = 0;
		};
		5AD9D4540F2941DD499330FD /* [CP] Check Pods Manifest.lock */ = {
			isa = PBXShellScriptBuildPhase;
			buildActionMask = 2147483647;
			files = (
			);
			inputFileListPaths = (
			);
			inputPaths = (
				"${PODS_PODFILE_DIR_PATH}/Podfile.lock",
				"${PODS_ROOT}/Manifest.lock",
			);
			name = "[CP] Check Pods Manifest.lock";
			outputFileListPaths = (
			);
			outputPaths = (
				"$(DERIVED_FILE_DIR)/Pods-OrcaAppTestUITests-checkManifestLockResult.txt",
			);
			runOnlyForDeploymentPostprocessing = 0;
			shellPath = /bin/sh;
			shellScript = "diff \"${PODS_PODFILE_DIR_PATH}/Podfile.lock\" \"${PODS_ROOT}/Manifest.lock\" > /dev/null\nif [ $? != 0 ] ; then\n    # print error to STDERR\n    echo \"error: The sandbox is not in sync with the Podfile.lock. Run 'pod install' or update your CocoaPods installation.\" >&2\n    exit 1\nfi\n# This output is used by Xcode 'outputs' to avoid re-running this script phase.\necho \"SUCCESS\" > \"${SCRIPT_OUTPUT_FILE_0}\"\n";
			showEnvVarsInLog = 0;
		};
		9E03359827AA761EED9B82A1 /* [CP] Check Pods Manifest.lock */ = {
			isa = PBXShellScriptBuildPhase;
			buildActionMask = 2147483647;
			files = (
			);
			inputFileListPaths = (
			);
			inputPaths = (
				"${PODS_PODFILE_DIR_PATH}/Podfile.lock",
				"${PODS_ROOT}/Manifest.lock",
			);
			name = "[CP] Check Pods Manifest.lock";
			outputFileListPaths = (
			);
			outputPaths = (
				"$(DERIVED_FILE_DIR)/Pods-OrcaAppTest-checkManifestLockResult.txt",
			);
			runOnlyForDeploymentPostprocessing = 0;
			shellPath = /bin/sh;
			shellScript = "diff \"${PODS_PODFILE_DIR_PATH}/Podfile.lock\" \"${PODS_ROOT}/Manifest.lock\" > /dev/null\nif [ $? != 0 ] ; then\n    # print error to STDERR\n    echo \"error: The sandbox is not in sync with the Podfile.lock. Run 'pod install' or update your CocoaPods installation.\" >&2\n    exit 1\nfi\n# This output is used by Xcode 'outputs' to avoid re-running this script phase.\necho \"SUCCESS\" > \"${SCRIPT_OUTPUT_FILE_0}\"\n";
			showEnvVarsInLog = 0;
		};
		CFAB0154B3CFA7FA64A5CDC4 /* [CP] Check Pods Manifest.lock */ = {
			isa = PBXShellScriptBuildPhase;
			buildActionMask = 2147483647;
			files = (
			);
			inputFileListPaths = (
			);
			inputPaths = (
				"${PODS_PODFILE_DIR_PATH}/Podfile.lock",
				"${PODS_ROOT}/Manifest.lock",
			);
			name = "[CP] Check Pods Manifest.lock";
			outputFileListPaths = (
			);
			outputPaths = (
				"$(DERIVED_FILE_DIR)/Pods-PerformanceTest-checkManifestLockResult.txt",
			);
			runOnlyForDeploymentPostprocessing = 0;
			shellPath = /bin/sh;
			shellScript = "diff \"${PODS_PODFILE_DIR_PATH}/Podfile.lock\" \"${PODS_ROOT}/Manifest.lock\" > /dev/null\nif [ $? != 0 ] ; then\n    # print error to STDERR\n    echo \"error: The sandbox is not in sync with the Podfile.lock. Run 'pod install' or update your CocoaPods installation.\" >&2\n    exit 1\nfi\n# This output is used by Xcode 'outputs' to avoid re-running this script phase.\necho \"SUCCESS\" > \"${SCRIPT_OUTPUT_FILE_0}\"\n";
			showEnvVarsInLog = 0;
		};
		E512F99180F0A3858B88E037 /* [CP] Embed Pods Frameworks */ = {
			isa = PBXShellScriptBuildPhase;
			buildActionMask = 2147483647;
			files = (
			);
			inputFileListPaths = (
				"${PODS_ROOT}/Target Support Files/Pods-PerformanceTest/Pods-PerformanceTest-frameworks-${CONFIGURATION}-input-files.xcfilelist",
			);
			name = "[CP] Embed Pods Frameworks";
			outputFileListPaths = (
				"${PODS_ROOT}/Target Support Files/Pods-PerformanceTest/Pods-PerformanceTest-frameworks-${CONFIGURATION}-output-files.xcfilelist",
			);
			runOnlyForDeploymentPostprocessing = 0;
			shellPath = /bin/sh;
			shellScript = "\"${PODS_ROOT}/Target Support Files/Pods-PerformanceTest/Pods-PerformanceTest-frameworks.sh\"\n";
			showEnvVarsInLog = 0;
		};
/* End PBXShellScriptBuildPhase section */

/* Begin PBXSourcesBuildPhase section */
		1E00644427CEDF9B006FF6E9 /* Sources */ = {
			isa = PBXSourcesBuildPhase;
			buildActionMask = 2147483647;
			files = (
				1E00645027CEDF9B006FF6E9 /* ViewController.swift in Sources */,
				1E00644C27CEDF9B006FF6E9 /* AppDelegate.swift in Sources */,
			);
			runOnlyForDeploymentPostprocessing = 0;
		};
		1E00646427CEDF9C006FF6E9 /* Sources */ = {
			isa = PBXSourcesBuildPhase;
			buildActionMask = 2147483647;
			files = (
				1EAEDDE02B745E6A003B8C18 /* BaseTest.swift in Sources */,
				1E00646D27CEDF9C006FF6E9 /* OrcaAppTestUITests.swift in Sources */,
			);
			runOnlyForDeploymentPostprocessing = 0;
		};
		1E5B7AE22800B29F00F8BDDB /* Sources */ = {
			isa = PBXSourcesBuildPhase;
			buildActionMask = 2147483647;
			files = (
				1EAEDDE12B745E6A003B8C18 /* BaseTest.swift in Sources */,
				1E5B7AEE2800B2CF00F8BDDB /* PerformanceTest.swift in Sources */,
			);
			runOnlyForDeploymentPostprocessing = 0;
		};
/* End PBXSourcesBuildPhase section */

/* Begin PBXTargetDependency section */
		1E00646A27CEDF9C006FF6E9 /* PBXTargetDependency */ = {
			isa = PBXTargetDependency;
			target = 1E00644727CEDF9B006FF6E9 /* OrcaAppTest */;
			targetProxy = 1E00646927CEDF9C006FF6E9 /* PBXContainerItemProxy */;
		};
		1E5B7ADF2800B29F00F8BDDB /* PBXTargetDependency */ = {
			isa = PBXTargetDependency;
			target = 1E00644727CEDF9B006FF6E9 /* OrcaAppTest */;
			targetProxy = 1E5B7AE02800B29F00F8BDDB /* PBXContainerItemProxy */;
		};
/* End PBXTargetDependency section */

/* Begin PBXVariantGroup section */
		1E00645127CEDF9B006FF6E9 /* Main.storyboard */ = {
			isa = PBXVariantGroup;
			children = (
				1E00645227CEDF9B006FF6E9 /* Base */,
			);
			name = Main.storyboard;
			sourceTree = "<group>";
		};
		1E00645627CEDF9C006FF6E9 /* LaunchScreen.storyboard */ = {
			isa = PBXVariantGroup;
			children = (
				1E00645727CEDF9C006FF6E9 /* Base */,
			);
			name = LaunchScreen.storyboard;
			sourceTree = "<group>";
		};
/* End PBXVariantGroup section */

/* Begin XCBuildConfiguration section */
		1E00647027CEDF9C006FF6E9 /* Debug */ = {
			isa = XCBuildConfiguration;
			buildSettings = {
				ALWAYS_SEARCH_USER_PATHS = NO;
				CLANG_ANALYZER_NONNULL = YES;
				CLANG_ANALYZER_NUMBER_OBJECT_CONVERSION = YES_AGGRESSIVE;
				CLANG_CXX_LANGUAGE_STANDARD = "gnu++17";
				CLANG_CXX_LIBRARY = "libc++";
				CLANG_ENABLE_MODULES = YES;
				CLANG_ENABLE_OBJC_ARC = YES;
				CLANG_ENABLE_OBJC_WEAK = YES;
				CLANG_WARN_BLOCK_CAPTURE_AUTORELEASING = YES;
				CLANG_WARN_BOOL_CONVERSION = YES;
				CLANG_WARN_COMMA = YES;
				CLANG_WARN_CONSTANT_CONVERSION = YES;
				CLANG_WARN_DEPRECATED_OBJC_IMPLEMENTATIONS = YES;
				CLANG_WARN_DIRECT_OBJC_ISA_USAGE = YES_ERROR;
				CLANG_WARN_DOCUMENTATION_COMMENTS = YES;
				CLANG_WARN_EMPTY_BODY = YES;
				CLANG_WARN_ENUM_CONVERSION = YES;
				CLANG_WARN_INFINITE_RECURSION = YES;
				CLANG_WARN_INT_CONVERSION = YES;
				CLANG_WARN_NON_LITERAL_NULL_CONVERSION = YES;
				CLANG_WARN_OBJC_IMPLICIT_RETAIN_SELF = YES;
				CLANG_WARN_OBJC_LITERAL_CONVERSION = YES;
				CLANG_WARN_OBJC_ROOT_CLASS = YES_ERROR;
				CLANG_WARN_QUOTED_INCLUDE_IN_FRAMEWORK_HEADER = YES;
				CLANG_WARN_RANGE_LOOP_ANALYSIS = YES;
				CLANG_WARN_STRICT_PROTOTYPES = YES;
				CLANG_WARN_SUSPICIOUS_MOVE = YES;
				CLANG_WARN_UNGUARDED_AVAILABILITY = YES_AGGRESSIVE;
				CLANG_WARN_UNREACHABLE_CODE = YES;
				CLANG_WARN__DUPLICATE_METHOD_MATCH = YES;
				COPY_PHASE_STRIP = NO;
				DEBUG_INFORMATION_FORMAT = dwarf;
				ENABLE_STRICT_OBJC_MSGSEND = YES;
				ENABLE_TESTABILITY = YES;
				GCC_C_LANGUAGE_STANDARD = gnu11;
				GCC_DYNAMIC_NO_PIC = NO;
				GCC_NO_COMMON_BLOCKS = YES;
				GCC_OPTIMIZATION_LEVEL = 0;
				GCC_PREPROCESSOR_DEFINITIONS = (
					"DEBUG=1",
					"$(inherited)",
				);
				GCC_WARN_64_TO_32_BIT_CONVERSION = YES;
				GCC_WARN_ABOUT_RETURN_TYPE = YES_ERROR;
				GCC_WARN_UNDECLARED_SELECTOR = YES;
				GCC_WARN_UNINITIALIZED_AUTOS = YES_AGGRESSIVE;
				GCC_WARN_UNUSED_FUNCTION = YES;
				GCC_WARN_UNUSED_VARIABLE = YES;
				IPHONEOS_DEPLOYMENT_TARGET = 13.0;
				MTL_ENABLE_DEBUG_INFO = YES;
				ONLY_ACTIVE_ARCH = YES;
				SDKROOT = iphoneos;
				SWIFT_ACTIVE_COMPILATION_CONDITIONS = DEBUG;
				SWIFT_OPTIMIZATION_LEVEL = "-Onone";
			};
			name = Debug;
		};
		1E00647127CEDF9C006FF6E9 /* Release */ = {
			isa = XCBuildConfiguration;
			buildSettings = {
				ALWAYS_SEARCH_USER_PATHS = NO;
				CLANG_ANALYZER_NONNULL = YES;
				CLANG_ANALYZER_NUMBER_OBJECT_CONVERSION = YES_AGGRESSIVE;
				CLANG_CXX_LANGUAGE_STANDARD = "gnu++17";
				CLANG_CXX_LIBRARY = "libc++";
				CLANG_ENABLE_MODULES = YES;
				CLANG_ENABLE_OBJC_ARC = YES;
				CLANG_ENABLE_OBJC_WEAK = YES;
				CLANG_WARN_BLOCK_CAPTURE_AUTORELEASING = YES;
				CLANG_WARN_BOOL_CONVERSION = YES;
				CLANG_WARN_COMMA = YES;
				CLANG_WARN_CONSTANT_CONVERSION = YES;
				CLANG_WARN_DEPRECATED_OBJC_IMPLEMENTATIONS = YES;
				CLANG_WARN_DIRECT_OBJC_ISA_USAGE = YES_ERROR;
				CLANG_WARN_DOCUMENTATION_COMMENTS = YES;
				CLANG_WARN_EMPTY_BODY = YES;
				CLANG_WARN_ENUM_CONVERSION = YES;
				CLANG_WARN_INFINITE_RECURSION = YES;
				CLANG_WARN_INT_CONVERSION = YES;
				CLANG_WARN_NON_LITERAL_NULL_CONVERSION = YES;
				CLANG_WARN_OBJC_IMPLICIT_RETAIN_SELF = YES;
				CLANG_WARN_OBJC_LITERAL_CONVERSION = YES;
				CLANG_WARN_OBJC_ROOT_CLASS = YES_ERROR;
				CLANG_WARN_QUOTED_INCLUDE_IN_FRAMEWORK_HEADER = YES;
				CLANG_WARN_RANGE_LOOP_ANALYSIS = YES;
				CLANG_WARN_STRICT_PROTOTYPES = YES;
				CLANG_WARN_SUSPICIOUS_MOVE = YES;
				CLANG_WARN_UNGUARDED_AVAILABILITY = YES_AGGRESSIVE;
				CLANG_WARN_UNREACHABLE_CODE = YES;
				CLANG_WARN__DUPLICATE_METHOD_MATCH = YES;
				COPY_PHASE_STRIP = NO;
				DEBUG_INFORMATION_FORMAT = "dwarf-with-dsym";
				ENABLE_NS_ASSERTIONS = NO;
				ENABLE_STRICT_OBJC_MSGSEND = YES;
				GCC_C_LANGUAGE_STANDARD = gnu11;
				GCC_NO_COMMON_BLOCKS = YES;
				GCC_WARN_64_TO_32_BIT_CONVERSION = YES;
				GCC_WARN_ABOUT_RETURN_TYPE = YES_ERROR;
				GCC_WARN_UNDECLARED_SELECTOR = YES;
				GCC_WARN_UNINITIALIZED_AUTOS = YES_AGGRESSIVE;
				GCC_WARN_UNUSED_FUNCTION = YES;
				GCC_WARN_UNUSED_VARIABLE = YES;
				IPHONEOS_DEPLOYMENT_TARGET = 13.0;
				MTL_ENABLE_DEBUG_INFO = NO;
				SDKROOT = iphoneos;
				SWIFT_COMPILATION_MODE = wholemodule;
				SWIFT_OPTIMIZATION_LEVEL = "-O";
				VALIDATE_PRODUCT = YES;
			};
			name = Release;
		};
		1E00647327CEDF9C006FF6E9 /* Debug */ = {
			isa = XCBuildConfiguration;
			baseConfigurationReference = 1A78CAC08B92226A844CBD40 /* Pods-OrcaAppTest.debug.xcconfig */;
			buildSettings = {
				ASSETCATALOG_COMPILER_APPICON_NAME = AppIcon;
				ASSETCATALOG_COMPILER_GLOBAL_ACCENT_COLOR_NAME = AccentColor;
				CODE_SIGN_STYLE = Automatic;
				CURRENT_PROJECT_VERSION = 1;
				DEVELOPMENT_TEAM = Y6S42VUYBV;
				GENERATE_INFOPLIST_FILE = YES;
				INFOPLIST_FILE = OrcaAppTest/Info.plist;
				INFOPLIST_KEY_CFBundleDisplayName = OrcaDemoApp;
				INFOPLIST_KEY_UIApplicationSupportsIndirectInputEvents = YES;
				INFOPLIST_KEY_UILaunchStoryboardName = LaunchScreen;
				INFOPLIST_KEY_UIMainStoryboardFile = Main;
				INFOPLIST_KEY_UIRequiredDeviceCapabilities = armv7;
				INFOPLIST_KEY_UISupportedInterfaceOrientations_iPad = "UIInterfaceOrientationPortrait UIInterfaceOrientationPortraitUpsideDown UIInterfaceOrientationLandscapeLeft UIInterfaceOrientationLandscapeRight";
				INFOPLIST_KEY_UISupportedInterfaceOrientations_iPhone = "UIInterfaceOrientationPortrait UIInterfaceOrientationLandscapeLeft UIInterfaceOrientationLandscapeRight";
				LD_RUNPATH_SEARCH_PATHS = (
					"$(inherited)",
					"@executable_path/Frameworks",
				);
				MARKETING_VERSION = 1.0;
				PRODUCT_BUNDLE_IDENTIFIER = ai.picovoice.OrcaAppTest.albert;
				PRODUCT_NAME = "$(TARGET_NAME)";
				SWIFT_EMIT_LOC_STRINGS = YES;
				SWIFT_VERSION = 5.0;
				TARGETED_DEVICE_FAMILY = 1;
			};
			name = Debug;
		};
		1E00647427CEDF9C006FF6E9 /* Release */ = {
			isa = XCBuildConfiguration;
			baseConfigurationReference = 7074590B897DE4BC089A7BF6 /* Pods-OrcaAppTest.release.xcconfig */;
			buildSettings = {
				ASSETCATALOG_COMPILER_APPICON_NAME = AppIcon;
				ASSETCATALOG_COMPILER_GLOBAL_ACCENT_COLOR_NAME = AccentColor;
				CODE_SIGN_STYLE = Automatic;
				CURRENT_PROJECT_VERSION = 1;
				DEVELOPMENT_TEAM = Y6S42VUYBV;
				GENERATE_INFOPLIST_FILE = YES;
				INFOPLIST_FILE = OrcaAppTest/Info.plist;
				INFOPLIST_KEY_CFBundleDisplayName = OrcaDemoApp;
				INFOPLIST_KEY_UIApplicationSupportsIndirectInputEvents = YES;
				INFOPLIST_KEY_UILaunchStoryboardName = LaunchScreen;
				INFOPLIST_KEY_UIMainStoryboardFile = Main;
				INFOPLIST_KEY_UIRequiredDeviceCapabilities = armv7;
				INFOPLIST_KEY_UISupportedInterfaceOrientations_iPad = "UIInterfaceOrientationPortrait UIInterfaceOrientationPortraitUpsideDown UIInterfaceOrientationLandscapeLeft UIInterfaceOrientationLandscapeRight";
				INFOPLIST_KEY_UISupportedInterfaceOrientations_iPhone = "UIInterfaceOrientationPortrait UIInterfaceOrientationLandscapeLeft UIInterfaceOrientationLandscapeRight";
				LD_RUNPATH_SEARCH_PATHS = (
					"$(inherited)",
					"@executable_path/Frameworks",
				);
				MARKETING_VERSION = 1.0;
				PRODUCT_BUNDLE_IDENTIFIER = ai.picovoice.OrcaAppTest.albert;
				PRODUCT_NAME = "$(TARGET_NAME)";
				SWIFT_EMIT_LOC_STRINGS = YES;
				SWIFT_VERSION = 5.0;
				TARGETED_DEVICE_FAMILY = 1;
			};
			name = Release;
		};
		1E00647927CEDF9C006FF6E9 /* Debug */ = {
			isa = XCBuildConfiguration;
			baseConfigurationReference = F523C0A59B9057D2117FC4EC /* Pods-OrcaAppTestUITests.debug.xcconfig */;
			buildSettings = {
				CODE_SIGN_STYLE = Automatic;
				CURRENT_PROJECT_VERSION = 1;
				DEVELOPMENT_TEAM = Y6S42VUYBV;
				GENERATE_INFOPLIST_FILE = YES;
				LD_RUNPATH_SEARCH_PATHS = (
					"$(inherited)",
					"@executable_path/Frameworks",
					"@loader_path/Frameworks",
				);
				MARKETING_VERSION = 1.0;
				PRODUCT_BUNDLE_IDENTIFIER = ai.picovoice.OrcaAppTestUITests.albert;
				PRODUCT_NAME = "$(TARGET_NAME)";
				SWIFT_EMIT_LOC_STRINGS = NO;
				SWIFT_VERSION = 5.0;
				TARGETED_DEVICE_FAMILY = "1,2";
				TEST_TARGET_NAME = OrcaAppTest;
			};
			name = Debug;
		};
		1E00647A27CEDF9C006FF6E9 /* Release */ = {
			isa = XCBuildConfiguration;
			baseConfigurationReference = 767EE8354F93AF263A7F09B7 /* Pods-OrcaAppTestUITests.release.xcconfig */;
			buildSettings = {
				CODE_SIGN_STYLE = Automatic;
				CURRENT_PROJECT_VERSION = 1;
				DEVELOPMENT_TEAM = Y6S42VUYBV;
				GENERATE_INFOPLIST_FILE = YES;
				LD_RUNPATH_SEARCH_PATHS = (
					"$(inherited)",
					"@executable_path/Frameworks",
					"@loader_path/Frameworks",
				);
				MARKETING_VERSION = 1.0;
				PRODUCT_BUNDLE_IDENTIFIER = ai.picovoice.OrcaAppTestUITests.albert;
				PRODUCT_NAME = "$(TARGET_NAME)";
				SWIFT_EMIT_LOC_STRINGS = NO;
				SWIFT_VERSION = 5.0;
				TARGETED_DEVICE_FAMILY = "1,2";
				TEST_TARGET_NAME = OrcaAppTest;
			};
			name = Release;
		};
		1E5B7AEA2800B29F00F8BDDB /* Debug */ = {
			isa = XCBuildConfiguration;
			baseConfigurationReference = 60C90FEC53EA25EB662F1B6C /* Pods-PerformanceTest.debug.xcconfig */;
			buildSettings = {
				CLANG_ENABLE_MODULES = YES;
				CODE_SIGN_STYLE = Automatic;
				CURRENT_PROJECT_VERSION = 1;
				DEVELOPMENT_TEAM = 65723695GD;
				GENERATE_INFOPLIST_FILE = YES;
				LD_RUNPATH_SEARCH_PATHS = (
					"$(inherited)",
					"@executable_path/Frameworks",
					"@loader_path/Frameworks",
				);
				MARKETING_VERSION = 1.0;
				PRODUCT_BUNDLE_IDENTIFIER = ai.picovoice.OrcaAppTestUITests;
				PRODUCT_NAME = "$(TARGET_NAME)";
				SWIFT_EMIT_LOC_STRINGS = NO;
				SWIFT_OPTIMIZATION_LEVEL = "-Onone";
				SWIFT_VERSION = 5.0;
				TARGETED_DEVICE_FAMILY = "1,2";
				TEST_TARGET_NAME = OrcaAppTest;
			};
			name = Debug;
		};
		1E5B7AEB2800B29F00F8BDDB /* Release */ = {
			isa = XCBuildConfiguration;
			baseConfigurationReference = E8BF559E8541A5B21BC3DF80 /* Pods-PerformanceTest.release.xcconfig */;
			buildSettings = {
				CLANG_ENABLE_MODULES = YES;
				CODE_SIGN_STYLE = Automatic;
				CURRENT_PROJECT_VERSION = 1;
				DEVELOPMENT_TEAM = 65723695GD;
				GENERATE_INFOPLIST_FILE = YES;
				LD_RUNPATH_SEARCH_PATHS = (
					"$(inherited)",
					"@executable_path/Frameworks",
					"@loader_path/Frameworks",
				);
				MARKETING_VERSION = 1.0;
				PRODUCT_BUNDLE_IDENTIFIER = ai.picovoice.OrcaAppTestUITests;
				PRODUCT_NAME = "$(TARGET_NAME)";
				SWIFT_EMIT_LOC_STRINGS = NO;
				SWIFT_VERSION = 5.0;
				TARGETED_DEVICE_FAMILY = "1,2";
				TEST_TARGET_NAME = OrcaAppTest;
			};
			name = Release;
		};
/* End XCBuildConfiguration section */

/* Begin XCConfigurationList section */
		1E00644327CEDF9B006FF6E9 /* Build configuration list for PBXProject "OrcaAppTest" */ = {
			isa = XCConfigurationList;
			buildConfigurations = (
				1E00647027CEDF9C006FF6E9 /* Debug */,
				1E00647127CEDF9C006FF6E9 /* Release */,
			);
			defaultConfigurationIsVisible = 0;
			defaultConfigurationName = Release;
		};
		1E00647227CEDF9C006FF6E9 /* Build configuration list for PBXNativeTarget "OrcaAppTest" */ = {
			isa = XCConfigurationList;
			buildConfigurations = (
				1E00647327CEDF9C006FF6E9 /* Debug */,
				1E00647427CEDF9C006FF6E9 /* Release */,
			);
			defaultConfigurationIsVisible = 0;
			defaultConfigurationName = Release;
		};
		1E00647827CEDF9C006FF6E9 /* Build configuration list for PBXNativeTarget "OrcaAppTestUITests" */ = {
			isa = XCConfigurationList;
			buildConfigurations = (
				1E00647927CEDF9C006FF6E9 /* Debug */,
				1E00647A27CEDF9C006FF6E9 /* Release */,
			);
			defaultConfigurationIsVisible = 0;
			defaultConfigurationName = Release;
		};
		1E5B7AE92800B29F00F8BDDB /* Build configuration list for PBXNativeTarget "PerformanceTest" */ = {
			isa = XCConfigurationList;
			buildConfigurations = (
				1E5B7AEA2800B29F00F8BDDB /* Debug */,
				1E5B7AEB2800B29F00F8BDDB /* Release */,
			);
			defaultConfigurationIsVisible = 0;
			defaultConfigurationName = Release;
		};
/* End XCConfigurationList section */
	};
	rootObject = 1E00644027CEDF9B006FF6E9 /* Project object */;
}
