# THIS IS AN AUTOGENERATED FILE. DO NOT EDIT THIS FILE DIRECTLY.
# yarn lockfile v1


"@picovoice/orca-node@file:../../binding/nodejs":
  version "0.2.0"

"@picovoice/pvrecorder-node@=1.2.2":
  version "1.2.2"
  resolved "https://registry.yarnpkg.com/@picovoice/pvrecorder-node/-/pvrecorder-node-1.2.2.tgz#41c39719b408e29c581b3094a9ff4c59f282b026"
  integrity sha512-GuzZhWslbR4TLE3VxTiqjax8Mc8f1nB69bY5jag4ETlCxo7q/KpeUbWRvojhtNVPvpFLbospZAb6vfgxkEqgJQ==

audio-format@^2.3.2:
  version "2.3.2"
  resolved "https://registry.yarnpkg.com/audio-format/-/audio-format-2.3.2.tgz#f23fc73b308c6dfba1904da6d4cd9c7621731abd"
  integrity sha512-5IA2grZhaVhpGxX6lbJm8VVh/SKQULMXXrFxuiodi0zhzDPRB8BJfieo89AclEQv4bDxZRH4lv06qNnxqkFhKQ==
  dependencies:
    is-audio-buffer "^1.0.11"
    is-buffer "^1.1.5"
    is-plain-obj "^1.1.0"
    pick-by-alias "^1.2.0"
    sample-rate "^2.0.0"

bindings@^1.3.0:
  version "1.5.0"
  resolved "https://registry.yarnpkg.com/bindings/-/bindings-1.5.0.tgz#10353c9e945334bc0511a6d90b38fbc7c9c504df"
  integrity sha512-p2q/t/mhvuOj/UeLlV6566GD/guowlr0hHxClI0W9m7MWYkL1F0hLo+0Aexs9HSPCtR1SXQ0TD3MMKrXZajbiQ==
  dependencies:
    file-uri-to-path "1.0.0"

buffer-alloc-unsafe@^1.1.0:
  version "1.1.0"
  resolved "https://registry.yarnpkg.com/buffer-alloc-unsafe/-/buffer-alloc-unsafe-1.1.0.tgz#bd7dc26ae2972d0eda253be061dba992349c19f0"
  integrity sha512-TEM2iMIEQdJ2yjPJoSIsldnleVaAk1oW3DBVUykyOLsEsFmEc9kn+SFFPz+gl54KQNxlDnAwCXosOS9Okx2xAg==

buffer-alloc@^1.1.0:
  version "1.2.0"
  resolved "https://registry.yarnpkg.com/buffer-alloc/-/buffer-alloc-1.2.0.tgz#890dd90d923a873e08e10e5fd51a57e5b7cce0ec"
  integrity sha512-CFsHQgjtW1UChdXgbyJGtnm+O/uLQeZdtbDo8mfUgYXCHSM1wgrVxXm6bSyrUuErEb+4sYVGCzASBRot7zyrow==
  dependencies:
    buffer-alloc-unsafe "^1.1.0"
    buffer-fill "^1.0.0"

buffer-fill@^1.0.0:
  version "1.0.0"
  resolved "https://registry.yarnpkg.com/buffer-fill/-/buffer-fill-1.0.0.tgz#f8f78b76789888ef39f205cd637f68e702122b2c"
  integrity sha512-T7zexNBwiiaCOGDg9xNX9PBmjrubblRkENuptryuI64URkXDFum9il/JGL8Lm8wYfAXpredVXXZz7eMHilimiQ==

commander@^6.1.0:
  version "6.2.1"
  resolved "https://registry.yarnpkg.com/commander/-/commander-6.2.1.tgz#0792eb682dfbc325999bb2b84fddddba110ac73c"
  integrity sha512-U7VdrJFnJgo4xjrHpTzu0yrHPGImdsmD95ZlgYSEajAn2JKzDhDTPG9kBTefmObL2w/ngeZnilk+OV9CG3d7UA==

debug@^4.0.0:
  version "4.3.5"
  resolved "https://registry.yarnpkg.com/debug/-/debug-4.3.5.tgz#e83444eceb9fedd4a1da56d671ae2446a01a6e1e"
  integrity sha512-pt0bNEmneDIvdL1Xsd9oDQ/wrQRkXDT4AUWlNZNPKvW5x/jyO9VFXkJUP07vQ2upmw5PlaITaPKc31jK13V+jg==
  dependencies:
    ms "2.1.2"

file-uri-to-path@1.0.0:
  version "1.0.0"
  resolved "https://registry.yarnpkg.com/file-uri-to-path/-/file-uri-to-path-1.0.0.tgz#553a7b8446ff6f684359c445f1e37a05dacc33dd"
  integrity sha512-0Zt+s3L7Vf1biwWZ29aARiVYLx7iMGnEUl9x33fbB/j3jR81u/O2LbqK+Bm1CDSNDKVtJ/YjwY7TUd5SkeLQLw==

is-audio-buffer@^1.0.11:
  version "1.1.0"
  resolved "https://registry.yarnpkg.com/is-audio-buffer/-/is-audio-buffer-1.1.0.tgz#f4c7f274d20180f993f9b1650768cb77bedd4470"
  integrity sha512-fmPC/dizJmP4ITCsW5oTQGMJ9wZVE+A/zAe6FQo3XwgERxmXHmm3ON5XkWDAxmyxvsrDmWx3NArpSgamp/59AA==

is-buffer@^1.1.5:
  version "1.1.6"
  resolved "https://registry.yarnpkg.com/is-buffer/-/is-buffer-1.1.6.tgz#efaa2ea9daa0d7ab2ea13a97b2b8ad51fefbe8be"
  integrity sha512-NcdALwpXkTm5Zvvbk7owOUSvVvBKDgKP5/ewfXEznmQFfs4ZRmanOeKBTjRVjka3QFoN6XJ+9F3USqfHqTaU5w==

is-plain-obj@^1.1.0:
  version "1.1.0"
  resolved "https://registry.yarnpkg.com/is-plain-obj/-/is-plain-obj-1.1.0.tgz#71a50c8429dfca773c92a390a4a03b39fcd51d3e"
  integrity sha512-yvkRyxmFKEOQ4pNXCmJG5AEQNlXJS5LaONXo5/cLdTZdWvsZ1ioJEonLGAosKlMWE8lwUy/bJzMjcw8az73+Fg==

ms@2.1.2:
  version "2.1.2"
  resolved "https://registry.yarnpkg.com/ms/-/ms-2.1.2.tgz#d09d1f357b443f493382a8eb3ccd183872ae6009"
  integrity sha512-sGkPx+VjMtmA6MX27oA4FBFELFCZZ4S4XqeGOXCv68tT+jb3vk/RyaKWP0PTKyWtmLSM0b+adUTEvbs1PEaH2w==

object-assign@^4.1.1:
  version "4.1.1"
  resolved "https://registry.yarnpkg.com/object-assign/-/object-assign-4.1.1.tgz#2109adc7965887cfc05cbbd442cac8bfbb360863"
  integrity sha512-rJgTQnkUnH1sFw8yT6VSU3zD3sWmu6sZhIseY8VX+GRu3P6F7Fu+JNDoXfklElbLJSnc3FUQHVe4cU5hj+BcUg==

pcm-convert@^1.6.5:
  version "1.6.5"
  resolved "https://registry.yarnpkg.com/pcm-convert/-/pcm-convert-1.6.5.tgz#81b5f2d0c2fb386edb8b9f69ce2374e093aeb7cc"
  integrity sha512-5CEspU4j8aEQ80AhNbcLfpT0apc93E6endFxahWd4sV70I6PN7LPdz8GoYm/1qr400K9bUVsVA+KxNgbFROZPw==
  dependencies:
    audio-format "^2.3.2"
    is-audio-buffer "^1.0.11"
    is-buffer "^1.1.5"
    object-assign "^4.1.1"

pick-by-alias@^1.2.0:
  version "1.2.0"
  resolved "https://registry.yarnpkg.com/pick-by-alias/-/pick-by-alias-1.2.0.tgz#5f7cb2b1f21a6e1e884a0c87855aa4a37361107b"
  integrity sha512-ESj2+eBxhGrcA1azgHs7lARG5+5iLakc/6nlfbpjcLl00HuuUOIuORhYXN4D1HfvMSKuVtFQjAlnwi1JHEeDIw==

prettier@^2.6.2:
  version "2.8.8"
  resolved "https://registry.yarnpkg.com/prettier/-/prettier-2.8.8.tgz#e8c5d7e98a4305ffe3de2e1fc4aca1a71c28b1da"
  integrity sha512-tdN8qQGvNjw4CHbY+XXk0JgCXn9QiF21a55rBe5LJAU+kDyC4WQn4+awm2Xfk2lQMk5fKup9XgzTZtGkjBdP9Q==

readline@^1.3.0:
  version "1.3.0"
  resolved "https://registry.yarnpkg.com/readline/-/readline-1.3.0.tgz#c580d77ef2cfc8752b132498060dc9793a7ac01c"
  integrity sha512-k2d6ACCkiNYz222Fs/iNze30rRJ1iIicW7JuX/7/cozvih6YCkFZH+J6mAFDVgv0dRBaAyr4jDqC95R2y4IADg==

sample-rate@^2.0.0:
  version "2.0.1"
  resolved "https://registry.yarnpkg.com/sample-rate/-/sample-rate-2.0.1.tgz#3f508969262b2c729a95d4d42b795a5b33610bd0"
  integrity sha512-AIK0vVBiAEObmpJOxQu/WCyklnWGqzTSDII4O7nBo+SJHmfgBUiYhgV/Y3Ohz76gfSlU6R5CIAKggj+nAOLSvg==

speaker@^0.5.5:
  version "0.5.5"
  resolved "https://registry.yarnpkg.com/speaker/-/speaker-0.5.5.tgz#8c5fa2aaee2f272889a8778dcad1fc30a13d42a3"
  integrity sha512-IBeMZUITigYBO139h0+1MAgBHNZF55GFJN4U/Box35Sg49cfqYkbCO92TXoCUy22Ast08zfqKuXLvPxq9CWwLw==
  dependencies:
    bindings "^1.3.0"
    buffer-alloc "^1.1.0"
    debug "^4.0.0"

tiktoken@^1.0.15:
  version "1.0.15"
  resolved "https://registry.yarnpkg.com/tiktoken/-/tiktoken-1.0.15.tgz#a1e11681fa51b50c81bb7eaaee53b7a66e844a23"
  integrity sha512-sCsrq/vMWUSEW29CJLNmPvWxlVp7yh2tlkAjpJltIKqp5CKf98ZNpdeHRmAlPVFlGEbswDc6SmI8vz64W/qErw==

wavefile@^11.0.0:
  version "11.0.0"
  resolved "https://registry.yarnpkg.com/wavefile/-/wavefile-11.0.0.tgz#9302165874327ff63a704d00b154c753eaa1b8e7"
  integrity sha512-/OBiAALgWU24IG7sC84cDO/KfFuvajWc5Uec0oV2zrpOOZZDgGdOwHwgEzOrwh8jkubBk7PtZfQBIcI1OaE5Ng==
