PODS:
  - Leopard-iOS (2.0.1)
  - Orca-iOS (0.1.0)

DEPENDENCIES:
  - Leopard-iOS (~> 2.0.1)
  - Orca-iOS (from `https://raw.githubusercontent.com/Picovoice/orca/v0.1-ios/binding/ios/Orca-iOS.podspec`)

SPEC REPOS:
  trunk:
    - Leopard-iOS

EXTERNAL SOURCES:
  Orca-iOS:
    :podspec: https://raw.githubusercontent.com/Picovoice/orca/v0.1-ios/binding/ios/Orca-iOS.podspec
    :tag: Orca-iOS-v0.1.0

SPEC CHECKSUMS:
  Leopard-iOS: 8c94dcf886800b4ed361c1c6af763780ef16f722
  Orca-iOS: f027b4a770fbe272497eba58613eb7dad20a873e

PODFILE CHECKSUM: 352ee69c0f96e46c565f2e8e32f7e773c727a948

COCOAPODS: 1.11.3
