PODS:
  - Orca-iOS (0.1.0)

DEPENDENCIES:
  - Orca-iOS (from `https://raw.githubusercontent.com/Picovoice/orca/ios-v0.2-update/binding/ios/Orca-iOS.podspec`)

EXTERNAL SOURCES:
  Orca-iOS:
    :podspec: https://raw.githubusercontent.com/Picovoice/orca/ios-v0.2-update/binding/ios/Orca-iOS.podspec

CHECKOUT OPTIONS:
  Orca-iOS:
    :commit: 65df0ac1350af14598688dbc91443f5be0fc7e96
    :git: https://github.com/Picovoice/orca.git

SPEC CHECKSUMS:
  Orca-iOS: 9f6fc6b1887593c63705f809f911c9a92a5e39fd

PODFILE CHECKSUM: b04a645e4c1e8d708466100414564f1761f6ec76

COCOAPODS: 1.15.2
